
Microsoft Visual Studio Solution File, Format Version 12.00
# Visual Studio Version 17
VisualStudioVersion = 17.0.31903.59
MinimumVisualStudioVersion = 10.0.40219.1
Project("{2150E333-8FDC-42A3-9474-1A3956D46DE8}") = "src", "src", "{827E0CD3-B72D-47B6-A68D-7590B98EB39B}"
EndProject
Project("{FAE04EC0-301F-11D3-BF4B-00C04F79EFBC}") = "FinancialApp.Domain", "src\FinancialApp.Domain\FinancialApp.Domain.csproj", "{B0F7DC4C-08B3-4F7A-A5DA-AFD1006CB10C}"
EndProject
Project("{FAE04EC0-301F-11D3-BF4B-00C04F79EFBC}") = "FinancialApp.Application", "src\FinancialApp.Application\FinancialApp.Application.csproj", "{40DC9CD8-739C-4812-B0BC-5D6D045FD512}"
EndProject
Project("{FAE04EC0-301F-11D3-BF4B-00C04F79EFBC}") = "FinancialApp.Infrastructure", "src\FinancialApp.Infrastructure\FinancialApp.Infrastructure.csproj", "{58693195-9B07-433A-BB86-9956BB1E745B}"
EndProject
Project("{FAE04EC0-301F-11D3-BF4B-00C04F79EFBC}") = "FinancialApp.Api", "src\FinancialApp.Api\FinancialApp.Api.csproj", "{E01CEC8C-36FB-4870-A6B3-58403987D263}"
EndProject
Project("{2150E333-8FDC-42A3-9474-1A3956D46DE8}") = "tests", "tests", "{0AB3BF05-4346-4AA6-1389-037BE0695223}"
EndProject
Project("{FAE04EC0-301F-11D3-BF4B-00C04F79EFBC}") = "FinancialApp.Infrastructure.Tests", "tests\FinancialApp.Infrastructure.Tests\FinancialApp.Infrastructure.Tests.csproj", "{604D2EB5-3354-4F50-B4FB-17D873E67CC7}"
EndProject
Project("{FAE04EC0-301F-11D3-BF4B-00C04F79EFBC}") = "FinancialApp.Testing", "tests\FinancialApp.Testing\FinancialApp.Testing.csproj", "{1418D2B3-09DD-4C88-8B17-8D197208DEFE}"
EndProject
Global
	GlobalSection(SolutionConfigurationPlatforms) = preSolution
		Debug|Any CPU = Debug|Any CPU
		Debug|x64 = Debug|x64
		Debug|x86 = Debug|x86
		Release|Any CPU = Release|Any CPU
		Release|x64 = Release|x64
		Release|x86 = Release|x86
	EndGlobalSection
	GlobalSection(ProjectConfigurationPlatforms) = postSolution
		{B0F7DC4C-08B3-4F7A-A5DA-AFD1006CB10C}.Debug|Any CPU.ActiveCfg = Debug|Any CPU
		{B0F7DC4C-08B3-4F7A-A5DA-AFD1006CB10C}.Debug|Any CPU.Build.0 = Debug|Any CPU
		{B0F7DC4C-08B3-4F7A-A5DA-AFD1006CB10C}.Debug|x64.ActiveCfg = Debug|Any CPU
		{B0F7DC4C-08B3-4F7A-A5DA-AFD1006CB10C}.Debug|x64.Build.0 = Debug|Any CPU
		{B0F7DC4C-08B3-4F7A-A5DA-AFD1006CB10C}.Debug|x86.ActiveCfg = Debug|Any CPU
		{B0F7DC4C-08B3-4F7A-A5DA-AFD1006CB10C}.Debug|x86.Build.0 = Debug|Any CPU
		{B0F7DC4C-08B3-4F7A-A5DA-AFD1006CB10C}.Release|Any CPU.ActiveCfg = Release|Any CPU
		{B0F7DC4C-08B3-4F7A-A5DA-AFD1006CB10C}.Release|Any CPU.Build.0 = Release|Any CPU
		{B0F7DC4C-08B3-4F7A-A5DA-AFD1006CB10C}.Release|x64.ActiveCfg = Release|Any CPU
		{B0F7DC4C-08B3-4F7A-A5DA-AFD1006CB10C}.Release|x64.Build.0 = Release|Any CPU
		{B0F7DC4C-08B3-4F7A-A5DA-AFD1006CB10C}.Release|x86.ActiveCfg = Release|Any CPU
		{B0F7DC4C-08B3-4F7A-A5DA-AFD1006CB10C}.Release|x86.Build.0 = Release|Any CPU
		{40DC9CD8-739C-4812-B0BC-5D6D045FD512}.Debug|Any CPU.ActiveCfg = Debug|Any CPU
		{40DC9CD8-739C-4812-B0BC-5D6D045FD512}.Debug|Any CPU.Build.0 = Debug|Any CPU
		{40DC9CD8-739C-4812-B0BC-5D6D045FD512}.Debug|x64.ActiveCfg = Debug|Any CPU
		{40DC9CD8-739C-4812-B0BC-5D6D045FD512}.Debug|x64.Build.0 = Debug|Any CPU
		{40DC9CD8-739C-4812-B0BC-5D6D045FD512}.Debug|x86.ActiveCfg = Debug|Any CPU
		{40DC9CD8-739C-4812-B0BC-5D6D045FD512}.Debug|x86.Build.0 = Debug|Any CPU
		{40DC9CD8-739C-4812-B0BC-5D6D045FD512}.Release|Any CPU.ActiveCfg = Release|Any CPU
		{40DC9CD8-739C-4812-B0BC-5D6D045FD512}.Release|Any CPU.Build.0 = Release|Any CPU
		{40DC9CD8-739C-4812-B0BC-5D6D045FD512}.Release|x64.ActiveCfg = Release|Any CPU
		{40DC9CD8-739C-4812-B0BC-5D6D045FD512}.Release|x64.Build.0 = Release|Any CPU
		{40DC9CD8-739C-4812-B0BC-5D6D045FD512}.Release|x86.ActiveCfg = Release|Any CPU
		{40DC9CD8-739C-4812-B0BC-5D6D045FD512}.Release|x86.Build.0 = Release|Any CPU
		{58693195-9B07-433A-BB86-9956BB1E745B}.Debug|Any CPU.ActiveCfg = Debug|Any CPU
		{58693195-9B07-433A-BB86-9956BB1E745B}.Debug|Any CPU.Build.0 = Debug|Any CPU
		{58693195-9B07-433A-BB86-9956BB1E745B}.Debug|x64.ActiveCfg = Debug|Any CPU
		{58693195-9B07-433A-BB86-9956BB1E745B}.Debug|x64.Build.0 = Debug|Any CPU
		{58693195-9B07-433A-BB86-9956BB1E745B}.Debug|x86.ActiveCfg = Debug|Any CPU
		{58693195-9B07-433A-BB86-9956BB1E745B}.Debug|x86.Build.0 = Debug|Any CPU
		{58693195-9B07-433A-BB86-9956BB1E745B}.Release|Any CPU.ActiveCfg = Release|Any CPU
		{58693195-9B07-433A-BB86-9956BB1E745B}.Release|Any CPU.Build.0 = Release|Any CPU
		{58693195-9B07-433A-BB86-9956BB1E745B}.Release|x64.ActiveCfg = Release|Any CPU
		{58693195-9B07-433A-BB86-9956BB1E745B}.Release|x64.Build.0 = Release|Any CPU
		{58693195-9B07-433A-BB86-9956BB1E745B}.Release|x86.ActiveCfg = Release|Any CPU
		{58693195-9B07-433A-BB86-9956BB1E745B}.Release|x86.Build.0 = Release|Any CPU
		{E01CEC8C-36FB-4870-A6B3-58403987D263}.Debug|Any CPU.ActiveCfg = Debug|Any CPU
		{E01CEC8C-36FB-4870-A6B3-58403987D263}.Debug|Any CPU.Build.0 = Debug|Any CPU
		{E01CEC8C-36FB-4870-A6B3-58403987D263}.Debug|x64.ActiveCfg = Debug|Any CPU
		{E01CEC8C-36FB-4870-A6B3-58403987D263}.Debug|x64.Build.0 = Debug|Any CPU
		{E01CEC8C-36FB-4870-A6B3-58403987D263}.Debug|x86.ActiveCfg = Debug|Any CPU
		{E01CEC8C-36FB-4870-A6B3-58403987D263}.Debug|x86.Build.0 = Debug|Any CPU
		{E01CEC8C-36FB-4870-A6B3-58403987D263}.Release|Any CPU.ActiveCfg = Release|Any CPU
		{E01CEC8C-36FB-4870-A6B3-58403987D263}.Release|Any CPU.Build.0 = Release|Any CPU
		{E01CEC8C-36FB-4870-A6B3-58403987D263}.Release|x64.ActiveCfg = Release|Any CPU
		{E01CEC8C-36FB-4870-A6B3-58403987D263}.Release|x64.Build.0 = Release|Any CPU
		{E01CEC8C-36FB-4870-A6B3-58403987D263}.Release|x86.ActiveCfg = Release|Any CPU
		{E01CEC8C-36FB-4870-A6B3-58403987D263}.Release|x86.Build.0 = Release|Any CPU
		{604D2EB5-3354-4F50-B4FB-17D873E67CC7}.Debug|Any CPU.ActiveCfg = Debug|Any CPU
		{604D2EB5-3354-4F50-B4FB-17D873E67CC7}.Debug|Any CPU.Build.0 = Debug|Any CPU
		{604D2EB5-3354-4F50-B4FB-17D873E67CC7}.Debug|x64.ActiveCfg = Debug|Any CPU
		{604D2EB5-3354-4F50-B4FB-17D873E67CC7}.Debug|x64.Build.0 = Debug|Any CPU
		{604D2EB5-3354-4F50-B4FB-17D873E67CC7}.Debug|x86.ActiveCfg = Debug|Any CPU
		{604D2EB5-3354-4F50-B4FB-17D873E67CC7}.Debug|x86.Build.0 = Debug|Any CPU
		{604D2EB5-3354-4F50-B4FB-17D873E67CC7}.Release|Any CPU.ActiveCfg = Release|Any CPU
		{604D2EB5-3354-4F50-B4FB-17D873E67CC7}.Release|Any CPU.Build.0 = Release|Any CPU
		{604D2EB5-3354-4F50-B4FB-17D873E67CC7}.Release|x64.ActiveCfg = Release|Any CPU
		{604D2EB5-3354-4F50-B4FB-17D873E67CC7}.Release|x64.Build.0 = Release|Any CPU
		{604D2EB5-3354-4F50-B4FB-17D873E67CC7}.Release|x86.ActiveCfg = Release|Any CPU
		{604D2EB5-3354-4F50-B4FB-17D873E67CC7}.Release|x86.Build.0 = Release|Any CPU
		{1418D2B3-09DD-4C88-8B17-8D197208DEFE}.Debug|Any CPU.ActiveCfg = Debug|Any CPU
		{1418D2B3-09DD-4C88-8B17-8D197208DEFE}.Debug|Any CPU.Build.0 = Debug|Any CPU
		{1418D2B3-09DD-4C88-8B17-8D197208DEFE}.Debug|x64.ActiveCfg = Debug|Any CPU
		{1418D2B3-09DD-4C88-8B17-8D197208DEFE}.Debug|x64.Build.0 = Debug|Any CPU
		{1418D2B3-09DD-4C88-8B17-8D197208DEFE}.Debug|x86.ActiveCfg = Debug|Any CPU
		{1418D2B3-09DD-4C88-8B17-8D197208DEFE}.Debug|x86.Build.0 = Debug|Any CPU
		{1418D2B3-09DD-4C88-8B17-8D197208DEFE}.Release|Any CPU.ActiveCfg = Release|Any CPU
		{1418D2B3-09DD-4C88-8B17-8D197208DEFE}.Release|Any CPU.Build.0 = Release|Any CPU
		{1418D2B3-09DD-4C88-8B17-8D197208DEFE}.Release|x64.ActiveCfg = Release|Any CPU
		{1418D2B3-09DD-4C88-8B17-8D197208DEFE}.Release|x64.Build.0 = Release|Any CPU
		{1418D2B3-09DD-4C88-8B17-8D197208DEFE}.Release|x86.ActiveCfg = Release|Any CPU
		{1418D2B3-09DD-4C88-8B17-8D197208DEFE}.Release|x86.Build.0 = Release|Any CPU
	EndGlobalSection
	GlobalSection(SolutionProperties) = preSolution
		HideSolutionNode = FALSE
	EndGlobalSection
	GlobalSection(NestedProjects) = preSolution
		{B0F7DC4C-08B3-4F7A-A5DA-AFD1006CB10C} = {827E0CD3-B72D-47B6-A68D-7590B98EB39B}
		{40DC9CD8-739C-4812-B0BC-5D6D045FD512} = {827E0CD3-B72D-47B6-A68D-7590B98EB39B}
		{58693195-9B07-433A-BB86-9956BB1E745B} = {827E0CD3-B72D-47B6-A68D-7590B98EB39B}
		{E01CEC8C-36FB-4870-A6B3-58403987D263} = {827E0CD3-B72D-47B6-A68D-7590B98EB39B}
		{604D2EB5-3354-4F50-B4FB-17D873E67CC7} = {0AB3BF05-4346-4AA6-1389-037BE0695223}
		{1418D2B3-09DD-4C88-8B17-8D197208DEFE} = {0AB3BF05-4346-4AA6-1389-037BE0695223}
	EndGlobalSection
EndGlobal
